
Microsoft Visual Studio Solution File, Format Version 12.00
# Visual Studio Version 16
VisualStudioVersion = 16.0.30128.74
MinimumVisualStudioVersion = 10.0.40219.1
Project("{FAE04EC0-301F-11D3-BF4B-00C04F79EFBC}") = "BL", "BL\BL.csproj", "{6F5FA23A-8565-440A-B143-27080103A34B}"
EndProject
Project("{FAE04EC0-301F-11D3-BF4B-00C04F79EFBC}") = "View", "View\View.csproj", "{D0B891F1-4936-488C-BDC3-B364DED3B1B4}"
EndProject
Global
	GlobalSection(SolutionConfigurationPlatforms) = preSolution
		Debug|Any CPU = Debug|Any CPU
		Release|Any CPU = Release|Any CPU
	EndGlobalSection
	GlobalSection(ProjectConfigurationPlatforms) = postSolution
		{6F5FA23A-8565-440A-B143-27080103A34B}.Debug|Any CPU.ActiveCfg = Debug|Any CPU
		{6F5FA23A-8565-440A-B143-27080103A34B}.Debug|Any CPU.Build.0 = Debug|Any CPU
		{6F5FA23A-8565-440A-B143-27080103A34B}.Release|Any CPU.ActiveCfg = Release|Any CPU
		{6F5FA23A-8565-440A-B143-27080103A34B}.Release|Any CPU.Build.0 = Release|Any CPU
		{D0B891F1-4936-488C-BDC3-B364DED3B1B4}.Debug|Any CPU.ActiveCfg = Debug|Any CPU
		{D0B891F1-4936-488C-BDC3-B364DED3B1B4}.Debug|Any CPU.Build.0 = Debug|Any CPU
		{D0B891F1-4936-488C-BDC3-B364DED3B1B4}.Release|Any CPU.ActiveCfg = Release|Any CPU
		{D0B891F1-4936-488C-BDC3-B364DED3B1B4}.Release|Any CPU.Build.0 = Release|Any CPU
	EndGlobalSection
	GlobalSection(SolutionProperties) = preSolution
		HideSolutionNode = FALSE
	EndGlobalSection
	GlobalSection(ExtensibilityGlobals) = postSolution
		SolutionGuid = {162BDE06-694A-4D1F-82E7-04AB753F6D30}
	EndGlobalSection
EndGlobal
